
Microsoft Visual Studio Solution File, Format Version 12.00
# Visual Studio Version 16
VisualStudioVersion = 16.0.31129.286
MinimumVisualStudioVersion = 10.0.40219.1
Project("{FAE04EC0-301F-11D3-BF4B-00C04F79EFBC}") = "digitalpark", "digitalpark.csproj", "{EB3B390B-C6AD-423A-8911-B59B7EAF0045}"
EndProject
Global
	GlobalSection(SolutionConfigurationPlatforms) = preSolution
		Debug|Any CPU = Debug|Any CPU
		Release|Any CPU = Release|Any CPU
	EndGlobalSection
	GlobalSection(ProjectConfigurationPlatforms) = postSolution
		{EB3B390B-C6AD-423A-8911-B59B7EAF0045}.Debug|Any CPU.ActiveCfg = Debug|Any CPU
		{EB3B390B-C6AD-423A-8911-B59B7EAF0045}.Debug|Any CPU.Build.0 = Debug|Any CPU
		{EB3B390B-C6AD-423A-8911-B59B7EAF0045}.Release|Any CPU.ActiveCfg = Release|Any CPU
		{EB3B390B-C6AD-423A-8911-B59B7EAF0045}.Release|Any CPU.Build.0 = Release|Any CPU
	EndGlobalSection
	GlobalSection(SolutionProperties) = preSolution
		HideSolutionNode = FALSE
	EndGlobalSection
	GlobalSection(ExtensibilityGlobals) = postSolution
		SolutionGuid = {5335731D-C0DA-440E-87D6-0E093032FE97}
	EndGlobalSection
EndGlobal
